
Microsoft Visual Studio Solution File, Format Version 12.00
# Visual Studio Version 17
VisualStudioVersion = 17.4.33122.133
MinimumVisualStudioVersion = 10.0.40219.1
Project("{FAE04EC0-301F-11D3-BF4B-00C04F79EFBC}") = "CropsNH", "CropsNH\CropsNH.csproj", "{BF383EBC-ED54-45E1-96C3-1A572BAEEE10}"
EndProject
Global
	GlobalSection(SolutionConfigurationPlatforms) = preSolution
		Debug|Any CPU = Debug|Any CPU
		Release|Any CPU = Release|Any CPU
	EndGlobalSection
	GlobalSection(ProjectConfigurationPlatforms) = postSolution
		{BF383EBC-ED54-45E1-96C3-1A572BAEEE10}.Debug|Any CPU.ActiveCfg = Debug|Any CPU
		{BF383EBC-ED54-45E1-96C3-1A572BAEEE10}.Debug|Any CPU.Build.0 = Debug|Any CPU
		{BF383EBC-ED54-45E1-96C3-1A572BAEEE10}.Release|Any CPU.ActiveCfg = Release|Any CPU
		{BF383EBC-ED54-45E1-96C3-1A572BAEEE10}.Release|Any CPU.Build.0 = Release|Any CPU
	EndGlobalSection
	GlobalSection(SolutionProperties) = preSolution
		HideSolutionNode = FALSE
	EndGlobalSection
	GlobalSection(ExtensibilityGlobals) = postSolution
		SolutionGuid = {1F1915A1-8414-4FBA-A42F-24D6CC0CEE88}
	EndGlobalSection
EndGlobal
